
Microsoft Visual Studio Solution File, Format Version 12.00
# Visual Studio Version 17
VisualStudioVersion = 17.11.35303.130
MinimumVisualStudioVersion = 10.0.40219.1
Project("{9A19103F-16F7-4668-BE54-9A1E7A4F7556}") = "ApplicationData", "ApplicationData\ApplicationData.csproj", "{C31B0F76-A86E-4447-893A-1BE0A326B0CD}"
EndProject
Project("{9A19103F-16F7-4668-BE54-9A1E7A4F7556}") = "Messanger", "Messanger\Messanger.csproj", "{59611BA8-4A20-44AA-B475-449FA2651B96}"
EndProject
Project("{FAE04EC0-301F-11D3-BF4B-00C04F79EFBC}") = "UI", "UI\UI.csproj", "{734071B9-28BF-43F5-A6AC-17F2EA44327D}"
EndProject
Global
	GlobalSection(SolutionConfigurationPlatforms) = preSolution
		Debug|Any CPU = Debug|Any CPU
		Release|Any CPU = Release|Any CPU
	EndGlobalSection
	GlobalSection(ProjectConfigurationPlatforms) = postSolution
		{C31B0F76-A86E-4447-893A-1BE0A326B0CD}.Debug|Any CPU.ActiveCfg = Debug|Any CPU
		{C31B0F76-A86E-4447-893A-1BE0A326B0CD}.Debug|Any CPU.Build.0 = Debug|Any CPU
		{C31B0F76-A86E-4447-893A-1BE0A326B0CD}.Release|Any CPU.ActiveCfg = Release|Any CPU
		{C31B0F76-A86E-4447-893A-1BE0A326B0CD}.Release|Any CPU.Build.0 = Release|Any CPU
		{59611BA8-4A20-44AA-B475-449FA2651B96}.Debug|Any CPU.ActiveCfg = Debug|Any CPU
		{59611BA8-4A20-44AA-B475-449FA2651B96}.Debug|Any CPU.Build.0 = Debug|Any CPU
		{59611BA8-4A20-44AA-B475-449FA2651B96}.Release|Any CPU.ActiveCfg = Release|Any CPU
		{59611BA8-4A20-44AA-B475-449FA2651B96}.Release|Any CPU.Build.0 = Release|Any CPU
		{734071B9-28BF-43F5-A6AC-17F2EA44327D}.Debug|Any CPU.ActiveCfg = Debug|Any CPU
		{734071B9-28BF-43F5-A6AC-17F2EA44327D}.Debug|Any CPU.Build.0 = Debug|Any CPU
		{734071B9-28BF-43F5-A6AC-17F2EA44327D}.Release|Any CPU.ActiveCfg = Release|Any CPU
		{734071B9-28BF-43F5-A6AC-17F2EA44327D}.Release|Any CPU.Build.0 = Release|Any CPU
	EndGlobalSection
	GlobalSection(SolutionProperties) = preSolution
		HideSolutionNode = FALSE
	EndGlobalSection
	GlobalSection(ExtensibilityGlobals) = postSolution
		SolutionGuid = {0D352D59-F072-4A8B-9973-D8EE134D6B50}
	EndGlobalSection
EndGlobal
